
Microsoft Visual Studio Solution File, Format Version 12.00
# Visual Studio Version 17
VisualStudioVersion = 17.8.34330.188
MinimumVisualStudioVersion = 10.0.40219.1
Project("{FAE04EC0-301F-11D3-BF4B-00C04F79EFBC}") = "Book1515Basharova", "Book1515Basharova\Book1515Basharova.csproj", "{435D7CF7-A41F-445F-A085-23A65D95DF6C}"
EndProject
Global
	GlobalSection(SolutionConfigurationPlatforms) = preSolution
		Debug|Any CPU = Debug|Any CPU
		Release|Any CPU = Release|Any CPU
	EndGlobalSection
	GlobalSection(ProjectConfigurationPlatforms) = postSolution
		{435D7CF7-A41F-445F-A085-23A65D95DF6C}.Debug|Any CPU.ActiveCfg = Debug|Any CPU
		{435D7CF7-A41F-445F-A085-23A65D95DF6C}.Debug|Any CPU.Build.0 = Debug|Any CPU
		{435D7CF7-A41F-445F-A085-23A65D95DF6C}.Release|Any CPU.ActiveCfg = Release|Any CPU
		{435D7CF7-A41F-445F-A085-23A65D95DF6C}.Release|Any CPU.Build.0 = Release|Any CPU
	EndGlobalSection
	GlobalSection(SolutionProperties) = preSolution
		HideSolutionNode = FALSE
	EndGlobalSection
	GlobalSection(ExtensibilityGlobals) = postSolution
		SolutionGuid = {A443A035-DEFA-4423-9499-194BB99EB051}
	EndGlobalSection
EndGlobal
